
Microsoft Visual Studio Solution File, Format Version 12.00
# Visual Studio Version 16
VisualStudioVersion = 16.0.29728.190
MinimumVisualStudioVersion = 10.0.40219.1
Project("{9A19103F-16F7-4668-BE54-9A1E7A4F7556}") = "01-CreateWindow", "01-CreateWindow\01-CreateWindow.csproj", "{5F3CBE3B-4E45-4DA6-AE38-65E1CB9AB864}"
EndProject
Project("{9A19103F-16F7-4668-BE54-9A1E7A4F7556}") = "02-InitDXR", "02-InitDXR\02-InitDXR.csproj", "{216DA4F5-D04E-4C71-A39E-FC16EEFBB667}"
EndProject
Project("{9A19103F-16F7-4668-BE54-9A1E7A4F7556}") = "03-AccelerationStructure", "03-AccelerationStructure\03-AccelerationStructure.csproj", "{E2CA28D6-4CAC-44A8-968D-6DA00A672739}"
EndProject
Project("{9A19103F-16F7-4668-BE54-9A1E7A4F7556}") = "04-RtPipelineState", "04-RtPipelineState\04-RtPipelineState.csproj", "{6E47374A-16DD-4F4A-BC25-C39D62113B9B}"
EndProject
Project("{9A19103F-16F7-4668-BE54-9A1E7A4F7556}") = "05-ShaderTable", "05-ShaderTable\05-ShaderTable.csproj", "{877ADA09-2074-42FC-B077-DBD142099223}"
EndProject
Project("{9A19103F-16F7-4668-BE54-9A1E7A4F7556}") = "06-Raytrace", "06-Raytrace\06-Raytrace.csproj", "{4AE3E303-06C3-4F8A-9A11-C5A1180E0E12}"
EndProject
Project("{9A19103F-16F7-4668-BE54-9A1E7A4F7556}") = "07-BasicShaders", "07-BasicShaders\07-BasicShaders.csproj", "{7C2B9256-F7BF-43ED-9FDA-D9C430C1846C}"
EndProject
Project("{9A19103F-16F7-4668-BE54-9A1E7A4F7556}") = "08-Instancing", "08-Instancing\08-Instancing.csproj", "{766EBF58-4CCE-4EF9-B8B2-AED615FB3066}"
EndProject
Project("{9A19103F-16F7-4668-BE54-9A1E7A4F7556}") = "09-ConstantBuffer", "09-ConstantBuffer\09-ConstantBuffer.csproj", "{0635A12C-BD7A-4D64-968B-397FDC2551DD}"
EndProject
Project("{9A19103F-16F7-4668-BE54-9A1E7A4F7556}") = "10-PerInstanceConstantBuffer", "10-PerInstanceConstantBuffer\10-PerInstanceConstantBuffer.csproj", "{E822313E-6551-49DA-9DA6-E113212706E0}"
EndProject
Project("{9A19103F-16F7-4668-BE54-9A1E7A4F7556}") = "11-SecondGeometry", "11-SecondGeometry\11-SecondGeometry.csproj", "{1CA97515-1600-4248-86EB-5F09DCE4938A}"
EndProject
Project("{9A19103F-16F7-4668-BE54-9A1E7A4F7556}") = "12-PerGeometryHitShader", "12-PerGeometryHitShader\12-PerGeometryHitShader.csproj", "{83A36A9D-5124-4544-9A8F-3DE698EA0CAD}"
EndProject
Project("{9A19103F-16F7-4668-BE54-9A1E7A4F7556}") = "13-SecondRayType", "13-SecondRayType\13-SecondRayType.csproj", "{D2FE3A4E-1151-43A8-9E36-4FE0AD79B30C}"
EndProject
Project("{9A19103F-16F7-4668-BE54-9A1E7A4F7556}") = "14-Refit", "14-Refit\14-Refit.csproj", "{83DDFA60-9ECB-41CC-B045-294599F13C61}"
EndProject
Project("{9A19103F-16F7-4668-BE54-9A1E7A4F7556}") = "15-Primitives", "15-Primitives\15-Primitives.csproj", "{8C7A06F9-7032-45E2-8E16-A3DAE1B23F7B}"
EndProject
Project("{9A19103F-16F7-4668-BE54-9A1E7A4F7556}") = "16-Lighting", "16-Lighting\16-Lighting.csproj", "{5BC7F502-7959-4D4A-814E-645E27AC511D}"
EndProject
Project("{9A19103F-16F7-4668-BE54-9A1E7A4F7556}") = "17-Shadow", "17-Shadow\17-Shadow.csproj", "{0C8CBC0C-21F7-426A-A9C9-A8CD9FC8D81D}"
EndProject
Project("{9A19103F-16F7-4668-BE54-9A1E7A4F7556}") = "18-Reflection", "18-Reflection\18-Reflection.csproj", "{0DFCA952-5383-4747-B49B-B1DCAF446C55}"
EndProject
Project("{9A19103F-16F7-4668-BE54-9A1E7A4F7556}") = "20-Scene", "20-Scene\20-Scene.csproj", "{5C2F44B3-20DE-4C99-A097-86550D20BB65}"
EndProject
Project("{9A19103F-16F7-4668-BE54-9A1E7A4F7556}") = "21-Scene-PerInstanceConstantBuffer", "21-Scene-PerInstanceConstantBuffer\21-Scene-PerInstanceConstantBuffer.csproj", "{B97D77A1-45BA-491C-BEEE-BE3A440D96C2}"
EndProject
Project("{9A19103F-16F7-4668-BE54-9A1E7A4F7556}") = "22-LoadModel", "22-LoadModel\22-LoadModel.csproj", "{4AB913A7-FDD6-415E-8863-849FEA556774}"
EndProject
Project("{9A19103F-16F7-4668-BE54-9A1E7A4F7556}") = "23-Lambertian", "23-Lambertian\23-Lambertian.csproj", "{9299843E-5C98-4D10-9F07-689082771F6D}"
EndProject
Project("{9A19103F-16F7-4668-BE54-9A1E7A4F7556}") = "24-Metal", "24-Metal\24-Metal.csproj", "{351A193B-348D-4D23-BED4-265E99694C69}"
EndProject
Global
	GlobalSection(SolutionConfigurationPlatforms) = preSolution
		Debug|Any CPU = Debug|Any CPU
		Release|Any CPU = Release|Any CPU
	EndGlobalSection
	GlobalSection(ProjectConfigurationPlatforms) = postSolution
		{5F3CBE3B-4E45-4DA6-AE38-65E1CB9AB864}.Debug|Any CPU.ActiveCfg = Debug|Any CPU
		{5F3CBE3B-4E45-4DA6-AE38-65E1CB9AB864}.Debug|Any CPU.Build.0 = Debug|Any CPU
		{5F3CBE3B-4E45-4DA6-AE38-65E1CB9AB864}.Release|Any CPU.ActiveCfg = Release|Any CPU
		{5F3CBE3B-4E45-4DA6-AE38-65E1CB9AB864}.Release|Any CPU.Build.0 = Release|Any CPU
		{216DA4F5-D04E-4C71-A39E-FC16EEFBB667}.Debug|Any CPU.ActiveCfg = Debug|Any CPU
		{216DA4F5-D04E-4C71-A39E-FC16EEFBB667}.Debug|Any CPU.Build.0 = Debug|Any CPU
		{216DA4F5-D04E-4C71-A39E-FC16EEFBB667}.Release|Any CPU.ActiveCfg = Release|Any CPU
		{216DA4F5-D04E-4C71-A39E-FC16EEFBB667}.Release|Any CPU.Build.0 = Release|Any CPU
		{E2CA28D6-4CAC-44A8-968D-6DA00A672739}.Debug|Any CPU.ActiveCfg = Debug|Any CPU
		{E2CA28D6-4CAC-44A8-968D-6DA00A672739}.Debug|Any CPU.Build.0 = Debug|Any CPU
		{E2CA28D6-4CAC-44A8-968D-6DA00A672739}.Release|Any CPU.ActiveCfg = Release|Any CPU
		{E2CA28D6-4CAC-44A8-968D-6DA00A672739}.Release|Any CPU.Build.0 = Release|Any CPU
		{6E47374A-16DD-4F4A-BC25-C39D62113B9B}.Debug|Any CPU.ActiveCfg = Debug|Any CPU
		{6E47374A-16DD-4F4A-BC25-C39D62113B9B}.Debug|Any CPU.Build.0 = Debug|Any CPU
		{6E47374A-16DD-4F4A-BC25-C39D62113B9B}.Release|Any CPU.ActiveCfg = Release|Any CPU
		{6E47374A-16DD-4F4A-BC25-C39D62113B9B}.Release|Any CPU.Build.0 = Release|Any CPU
		{877ADA09-2074-42FC-B077-DBD142099223}.Debug|Any CPU.ActiveCfg = Debug|Any CPU
		{877ADA09-2074-42FC-B077-DBD142099223}.Debug|Any CPU.Build.0 = Debug|Any CPU
		{877ADA09-2074-42FC-B077-DBD142099223}.Release|Any CPU.ActiveCfg = Release|Any CPU
		{877ADA09-2074-42FC-B077-DBD142099223}.Release|Any CPU.Build.0 = Release|Any CPU
		{4AE3E303-06C3-4F8A-9A11-C5A1180E0E12}.Debug|Any CPU.ActiveCfg = Debug|Any CPU
		{4AE3E303-06C3-4F8A-9A11-C5A1180E0E12}.Debug|Any CPU.Build.0 = Debug|Any CPU
		{4AE3E303-06C3-4F8A-9A11-C5A1180E0E12}.Release|Any CPU.ActiveCfg = Release|Any CPU
		{4AE3E303-06C3-4F8A-9A11-C5A1180E0E12}.Release|Any CPU.Build.0 = Release|Any CPU
		{7C2B9256-F7BF-43ED-9FDA-D9C430C1846C}.Debug|Any CPU.ActiveCfg = Debug|Any CPU
		{7C2B9256-F7BF-43ED-9FDA-D9C430C1846C}.Debug|Any CPU.Build.0 = Debug|Any CPU
		{7C2B9256-F7BF-43ED-9FDA-D9C430C1846C}.Release|Any CPU.ActiveCfg = Release|Any CPU
		{7C2B9256-F7BF-43ED-9FDA-D9C430C1846C}.Release|Any CPU.Build.0 = Release|Any CPU
		{766EBF58-4CCE-4EF9-B8B2-AED615FB3066}.Debug|Any CPU.ActiveCfg = Debug|Any CPU
		{766EBF58-4CCE-4EF9-B8B2-AED615FB3066}.Debug|Any CPU.Build.0 = Debug|Any CPU
		{766EBF58-4CCE-4EF9-B8B2-AED615FB3066}.Release|Any CPU.ActiveCfg = Release|Any CPU
		{766EBF58-4CCE-4EF9-B8B2-AED615FB3066}.Release|Any CPU.Build.0 = Release|Any CPU
		{0635A12C-BD7A-4D64-968B-397FDC2551DD}.Debug|Any CPU.ActiveCfg = Debug|Any CPU
		{0635A12C-BD7A-4D64-968B-397FDC2551DD}.Debug|Any CPU.Build.0 = Debug|Any CPU
		{0635A12C-BD7A-4D64-968B-397FDC2551DD}.Release|Any CPU.ActiveCfg = Release|Any CPU
		{0635A12C-BD7A-4D64-968B-397FDC2551DD}.Release|Any CPU.Build.0 = Release|Any CPU
		{E822313E-6551-49DA-9DA6-E113212706E0}.Debug|Any CPU.ActiveCfg = Debug|Any CPU
		{E822313E-6551-49DA-9DA6-E113212706E0}.Debug|Any CPU.Build.0 = Debug|Any CPU
		{E822313E-6551-49DA-9DA6-E113212706E0}.Release|Any CPU.ActiveCfg = Release|Any CPU
		{E822313E-6551-49DA-9DA6-E113212706E0}.Release|Any CPU.Build.0 = Release|Any CPU
		{1CA97515-1600-4248-86EB-5F09DCE4938A}.Debug|Any CPU.ActiveCfg = Debug|Any CPU
		{1CA97515-1600-4248-86EB-5F09DCE4938A}.Debug|Any CPU.Build.0 = Debug|Any CPU
		{1CA97515-1600-4248-86EB-5F09DCE4938A}.Release|Any CPU.ActiveCfg = Release|Any CPU
		{1CA97515-1600-4248-86EB-5F09DCE4938A}.Release|Any CPU.Build.0 = Release|Any CPU
		{83A36A9D-5124-4544-9A8F-3DE698EA0CAD}.Debug|Any CPU.ActiveCfg = Debug|Any CPU
		{83A36A9D-5124-4544-9A8F-3DE698EA0CAD}.Debug|Any CPU.Build.0 = Debug|Any CPU
		{83A36A9D-5124-4544-9A8F-3DE698EA0CAD}.Release|Any CPU.ActiveCfg = Release|Any CPU
		{83A36A9D-5124-4544-9A8F-3DE698EA0CAD}.Release|Any CPU.Build.0 = Release|Any CPU
		{D2FE3A4E-1151-43A8-9E36-4FE0AD79B30C}.Debug|Any CPU.ActiveCfg = Debug|Any CPU
		{D2FE3A4E-1151-43A8-9E36-4FE0AD79B30C}.Debug|Any CPU.Build.0 = Debug|Any CPU
		{D2FE3A4E-1151-43A8-9E36-4FE0AD79B30C}.Release|Any CPU.ActiveCfg = Release|Any CPU
		{D2FE3A4E-1151-43A8-9E36-4FE0AD79B30C}.Release|Any CPU.Build.0 = Release|Any CPU
		{83DDFA60-9ECB-41CC-B045-294599F13C61}.Debug|Any CPU.ActiveCfg = Debug|Any CPU
		{83DDFA60-9ECB-41CC-B045-294599F13C61}.Debug|Any CPU.Build.0 = Debug|Any CPU
		{83DDFA60-9ECB-41CC-B045-294599F13C61}.Release|Any CPU.ActiveCfg = Release|Any CPU
		{83DDFA60-9ECB-41CC-B045-294599F13C61}.Release|Any CPU.Build.0 = Release|Any CPU
		{8C7A06F9-7032-45E2-8E16-A3DAE1B23F7B}.Debug|Any CPU.ActiveCfg = Debug|Any CPU
		{8C7A06F9-7032-45E2-8E16-A3DAE1B23F7B}.Debug|Any CPU.Build.0 = Debug|Any CPU
		{8C7A06F9-7032-45E2-8E16-A3DAE1B23F7B}.Release|Any CPU.ActiveCfg = Release|Any CPU
		{8C7A06F9-7032-45E2-8E16-A3DAE1B23F7B}.Release|Any CPU.Build.0 = Release|Any CPU
		{5BC7F502-7959-4D4A-814E-645E27AC511D}.Debug|Any CPU.ActiveCfg = Debug|Any CPU
		{5BC7F502-7959-4D4A-814E-645E27AC511D}.Debug|Any CPU.Build.0 = Debug|Any CPU
		{5BC7F502-7959-4D4A-814E-645E27AC511D}.Release|Any CPU.ActiveCfg = Release|Any CPU
		{5BC7F502-7959-4D4A-814E-645E27AC511D}.Release|Any CPU.Build.0 = Release|Any CPU
		{0C8CBC0C-21F7-426A-A9C9-A8CD9FC8D81D}.Debug|Any CPU.ActiveCfg = Debug|Any CPU
		{0C8CBC0C-21F7-426A-A9C9-A8CD9FC8D81D}.Debug|Any CPU.Build.0 = Debug|Any CPU
		{0C8CBC0C-21F7-426A-A9C9-A8CD9FC8D81D}.Release|Any CPU.ActiveCfg = Release|Any CPU
		{0C8CBC0C-21F7-426A-A9C9-A8CD9FC8D81D}.Release|Any CPU.Build.0 = Release|Any CPU
		{0DFCA952-5383-4747-B49B-B1DCAF446C55}.Debug|Any CPU.ActiveCfg = Debug|Any CPU
		{0DFCA952-5383-4747-B49B-B1DCAF446C55}.Debug|Any CPU.Build.0 = Debug|Any CPU
		{0DFCA952-5383-4747-B49B-B1DCAF446C55}.Release|Any CPU.ActiveCfg = Release|Any CPU
		{0DFCA952-5383-4747-B49B-B1DCAF446C55}.Release|Any CPU.Build.0 = Release|Any CPU
		{5C2F44B3-20DE-4C99-A097-86550D20BB65}.Debug|Any CPU.ActiveCfg = Debug|Any CPU
		{5C2F44B3-20DE-4C99-A097-86550D20BB65}.Debug|Any CPU.Build.0 = Debug|Any CPU
		{5C2F44B3-20DE-4C99-A097-86550D20BB65}.Release|Any CPU.ActiveCfg = Release|Any CPU
		{5C2F44B3-20DE-4C99-A097-86550D20BB65}.Release|Any CPU.Build.0 = Release|Any CPU
		{B97D77A1-45BA-491C-BEEE-BE3A440D96C2}.Debug|Any CPU.ActiveCfg = Debug|Any CPU
		{B97D77A1-45BA-491C-BEEE-BE3A440D96C2}.Debug|Any CPU.Build.0 = Debug|Any CPU
		{B97D77A1-45BA-491C-BEEE-BE3A440D96C2}.Release|Any CPU.ActiveCfg = Release|Any CPU
		{B97D77A1-45BA-491C-BEEE-BE3A440D96C2}.Release|Any CPU.Build.0 = Release|Any CPU
		{4AB913A7-FDD6-415E-8863-849FEA556774}.Debug|Any CPU.ActiveCfg = Debug|Any CPU
		{4AB913A7-FDD6-415E-8863-849FEA556774}.Debug|Any CPU.Build.0 = Debug|Any CPU
		{4AB913A7-FDD6-415E-8863-849FEA556774}.Release|Any CPU.ActiveCfg = Release|Any CPU
		{4AB913A7-FDD6-415E-8863-849FEA556774}.Release|Any CPU.Build.0 = Release|Any CPU
		{9299843E-5C98-4D10-9F07-689082771F6D}.Debug|Any CPU.ActiveCfg = Debug|Any CPU
		{9299843E-5C98-4D10-9F07-689082771F6D}.Debug|Any CPU.Build.0 = Debug|Any CPU
		{9299843E-5C98-4D10-9F07-689082771F6D}.Release|Any CPU.ActiveCfg = Release|Any CPU
		{9299843E-5C98-4D10-9F07-689082771F6D}.Release|Any CPU.Build.0 = Release|Any CPU
		{351A193B-348D-4D23-BED4-265E99694C69}.Debug|Any CPU.ActiveCfg = Debug|Any CPU
		{351A193B-348D-4D23-BED4-265E99694C69}.Debug|Any CPU.Build.0 = Debug|Any CPU
		{351A193B-348D-4D23-BED4-265E99694C69}.Release|Any CPU.ActiveCfg = Release|Any CPU
		{351A193B-348D-4D23-BED4-265E99694C69}.Release|Any CPU.Build.0 = Release|Any CPU
	EndGlobalSection
	GlobalSection(SolutionProperties) = preSolution
		HideSolutionNode = FALSE
	EndGlobalSection
	GlobalSection(ExtensibilityGlobals) = postSolution
		SolutionGuid = {1AF44E6D-2E38-400B-80D9-4BCC8A3171DA}
	EndGlobalSection
EndGlobal
